{
  "name": "flows-file-manager",
  "version": "0.1.0",
  "lockfileVersion": 3,
  "requires": true,
  "packages": {
    "": {
      "name": "flows-file-manager",
      "version": "0.1.0",
      "license": "Apache-2.0",
      "dependencies": {
        "@node-red/flow-parser": "1.0.2",
        "eol": "^0.10.0",
        "js-yaml": "^4.1.0"
      }
    },
    "node_modules/@node-red/flow-parser": {
      "version": "1.0.2",
      "resolved": "https://registry.npmjs.org/@node-red/flow-parser/-/flow-parser-1.0.2.tgz",
      "integrity": "sha512-jrrOVizihWFPlAdDMP90srKVwwpW6PXw4U1gZbE1yktS72GkxuB+JaypLUY08O1eVmw7Jyp5NFKFsRrlBUfnNw==",
      "license": "Apache-2.0"
    },
    "node_modules/argparse": {
      "version": "2.0.1",
      "resolved": "https://registry.npmjs.org/argparse/-/argparse-2.0.1.tgz",
      "integrity": "sha512-8+9WqebbFzpX9OR+Wa6O29asIogeRMzcGtAINdpMHHyAg10f05aSFVBbcEqGf/PXw1EjAZ+q2/bEBg3DvurK3Q==",
      "license": "Python-2.0"
    },
    "node_modules/eol": {
      "version": "0.10.0",
      "resolved": "https://registry.npmjs.org/eol/-/eol-0.10.0.tgz",
      "integrity": "sha512-+w3ktYrOphcIqC1XKmhQYvM+o2uxgQFiimL7B6JPZJlWVxf7Lno9e/JWLPIgbHo7DoZ+b7jsf/NzrUcNe6ZTZQ==",
      "license": "MIT",
      "funding": {
        "url": "https://github.com/sponsors/ryanve"
      }
    },
    "node_modules/js-yaml": {
      "version": "4.1.0",
      "resolved": "https://registry.npmjs.org/js-yaml/-/js-yaml-4.1.0.tgz",
      "integrity": "sha512-wpxZs9NoxZaJESJGIZTyDEaYpl0FKSA+FB9aJiyemKhMwkxQg63h4T1KJgUGHpTqPDNRcmmYLugrRjJlBtWvRA==",
      "license": "MIT",
      "dependencies": {
        "argparse": "^2.0.1"
      },
      "bin": {
        "js-yaml": "bin/js-yaml.js"
      }
    }
  }
}
